
Microsoft Visual Studio Solution File, Format Version 12.00
# Visual Studio Version 17
VisualStudioVersion = 17.5.2.0
MinimumVisualStudioVersion = 10.0.40219.1
Project("{2150E333-8FDC-42A3-9474-1A3956D46DE8}") = "src", "src", "{827E0CD3-B72D-47B6-A68D-7590B98EB39B}"
EndProject
Project("{FAE04EC0-301F-11D3-BF4B-00C04F79EFBC}") = "TALXIS.CLI.Features.Data", "src\TALXIS.CLI.Features.Data\TALXIS.CLI.Features.Data.csproj", "{5661B9D5-76FD-DAFA-278B-5B9BE78D957D}"
EndProject
Project("{FAE04EC0-301F-11D3-BF4B-00C04F79EFBC}") = "TALXIS.CLI.Features.Workspace", "src\TALXIS.CLI.Features.Workspace\TALXIS.CLI.Features.Workspace.csproj", "{A1B2C3D4-E5F6-7890-1234-567890ABCDEF}"
EndProject
Project("{FAE04EC0-301F-11D3-BF4B-00C04F79EFBC}") = "TALXIS.CLI", "src\TALXIS.CLI\TALXIS.CLI.csproj", "{047E218E-A6A2-1C66-58E1-AFEF0AD34E7F}"
EndProject
Project("{FAE04EC0-301F-11D3-BF4B-00C04F79EFBC}") = "TALXIS.CLI.MCP", "src\TALXIS.CLI.MCP\TALXIS.CLI.MCP.csproj", "{DFE5EC2E-21E2-42D6-B9C6-3111CE00FD0B}"
EndProject
Project("{FAE04EC0-301F-11D3-BF4B-00C04F79EFBC}") = "TALXIS.CLI.Features.Docs", "src\TALXIS.CLI.Features.Docs\TALXIS.CLI.Features.Docs.csproj", "{0914E284-15E7-4215-B72F-7195F0EB8EEA}"
EndProject
Project("{2150E333-8FDC-42A3-9474-1A3956D46DE8}") = "tests", "tests", "{0AB3BF05-4346-4AA6-1389-037BE0695223}"
EndProject
Project("{FAE04EC0-301F-11D3-BF4B-00C04F79EFBC}") = "TALXIS.CLI.IntegrationTests", "tests\TALXIS.CLI.IntegrationTests\TALXIS.CLI.IntegrationTests.csproj", "{EDB2D38C-8601-43BD-AC88-165E822986C7}"
EndProject
Project("{FAE04EC0-301F-11D3-BF4B-00C04F79EFBC}") = "TALXIS.CLI.Platform.XrmShim", "src\TALXIS.CLI.Platform.XrmShim\TALXIS.CLI.Platform.XrmShim.csproj", "{FD7F08B2-53B4-4E31-8ACB-0BA0D26956C5}"
EndProject
Project("{FAE04EC0-301F-11D3-BF4B-00C04F79EFBC}") = "TALXIS.CLI.Platform.Xrm", "src\TALXIS.CLI.Platform.Xrm\TALXIS.CLI.Platform.Xrm.csproj", "{24CE8731-028D-4B4B-93C4-5FA2E6654BF7}"
EndProject
Project("{FAE04EC0-301F-11D3-BF4B-00C04F79EFBC}") = "TALXIS.CLI.Logging", "src\TALXIS.CLI.Logging\TALXIS.CLI.Logging.csproj", "{0B958420-EF8A-4B70-9E35-C273E712970E}"
EndProject
Project("{FAE04EC0-301F-11D3-BF4B-00C04F79EFBC}") = "TALXIS.CLI.Tests", "tests\TALXIS.CLI.Tests\TALXIS.CLI.Tests.csproj", "{C88B9412-21F9-40E4-A2FE-D29AF57F780E}"
EndProject
Project("{FAE04EC0-301F-11D3-BF4B-00C04F79EFBC}") = "TALXIS.CLI.Platform.Dataverse.Runtime", "src\TALXIS.CLI.Platform.Dataverse.Runtime\TALXIS.CLI.Platform.Dataverse.Runtime.csproj", "{409EE26E-EF1C-4C20-883D-A3EA6A0FD709}"
EndProject
Project("{FAE04EC0-301F-11D3-BF4B-00C04F79EFBC}") = "TALXIS.CLI.Features.Environment", "src\TALXIS.CLI.Features.Environment\TALXIS.CLI.Features.Environment.csproj", "{ED036063-8EE3-43BB-8380-3A114CE515FD}"
EndProject
Project("{FAE04EC0-301F-11D3-BF4B-00C04F79EFBC}") = "TALXIS.CLI.Core", "src\TALXIS.CLI.Core\TALXIS.CLI.Core.csproj", "{80DCD8C5-8577-424F-B4E2-9A1651A069D6}"
EndProject
Project("{FAE04EC0-301F-11D3-BF4B-00C04F79EFBC}") = "TALXIS.CLI.Features.Config", "src\TALXIS.CLI.Features.Config\TALXIS.CLI.Features.Config.csproj", "{5318996C-5E12-4C6B-9344-883CD9E2F4B7}"
EndProject
Project("{FAE04EC0-301F-11D3-BF4B-00C04F79EFBC}") = "TALXIS.CLI.Platform.PowerPlatform.Control", "src\TALXIS.CLI.Platform.PowerPlatform.Control\TALXIS.CLI.Platform.PowerPlatform.Control.csproj", "{CE13B13C-FC46-4318-BD46-3E44C97E1554}"
EndProject
Project("{FAE04EC0-301F-11D3-BF4B-00C04F79EFBC}") = "TALXIS.CLI.Platform.Dataverse.Application", "src\TALXIS.CLI.Platform.Dataverse.Application\TALXIS.CLI.Platform.Dataverse.Application.csproj", "{55DEF0A8-193B-4B7E-A646-0D3911FABB88}"
EndProject
Project("{FAE04EC0-301F-11D3-BF4B-00C04F79EFBC}") = "TALXIS.CLI.Platform.Dataverse.Data", "src\TALXIS.CLI.Platform.Dataverse.Data\TALXIS.CLI.Platform.Dataverse.Data.csproj", "{145543D7-2369-460F-AC41-5B48A28616F6}"
EndProject
Project("{FAE04EC0-301F-11D3-BF4B-00C04F79EFBC}") = "TALXIS.CLI.Analyzers", "src\TALXIS.CLI.Analyzers\TALXIS.CLI.Analyzers.csproj", "{7DFD9789-0399-4C36-BFC9-091CDA8DE4E2}"
EndProject
Project("{FAE04EC0-301F-11D3-BF4B-00C04F79EFBC}") = "TALXIS.CLI.Abstractions", "src\TALXIS.CLI.Abstractions\TALXIS.CLI.Abstractions.csproj", "{C15B8E89-AD5F-4F61-AD7B-2DAFD43B10DD}"
EndProject
Project("{FAE04EC0-301F-11D3-BF4B-00C04F79EFBC}") = "TALXIS.CLI.Platform.ActivitiesShim", "src\TALXIS.CLI.Platform.ActivitiesShim\TALXIS.CLI.Platform.ActivitiesShim.csproj", "{074EE3E5-905C-4826-9645-D0A28F81BC41}"
EndProject
Global
	GlobalSection(SolutionConfigurationPlatforms) = preSolution
		Debug|Any CPU = Debug|Any CPU
		Debug|x64 = Debug|x64
		Debug|x86 = Debug|x86
		Release|Any CPU = Release|Any CPU
		Release|x64 = Release|x64
		Release|x86 = Release|x86
	EndGlobalSection
	GlobalSection(ProjectConfigurationPlatforms) = postSolution
		{5661B9D5-76FD-DAFA-278B-5B9BE78D957D}.Debug|Any CPU.ActiveCfg = Debug|Any CPU
		{5661B9D5-76FD-DAFA-278B-5B9BE78D957D}.Debug|Any CPU.Build.0 = Debug|Any CPU
		{5661B9D5-76FD-DAFA-278B-5B9BE78D957D}.Debug|x64.ActiveCfg = Debug|Any CPU
		{5661B9D5-76FD-DAFA-278B-5B9BE78D957D}.Debug|x64.Build.0 = Debug|Any CPU
		{5661B9D5-76FD-DAFA-278B-5B9BE78D957D}.Debug|x86.ActiveCfg = Debug|Any CPU
		{5661B9D5-76FD-DAFA-278B-5B9BE78D957D}.Debug|x86.Build.0 = Debug|Any CPU
		{5661B9D5-76FD-DAFA-278B-5B9BE78D957D}.Release|Any CPU.ActiveCfg = Release|Any CPU
		{5661B9D5-76FD-DAFA-278B-5B9BE78D957D}.Release|Any CPU.Build.0 = Release|Any CPU
		{5661B9D5-76FD-DAFA-278B-5B9BE78D957D}.Release|x64.ActiveCfg = Release|Any CPU
		{5661B9D5-76FD-DAFA-278B-5B9BE78D957D}.Release|x64.Build.0 = Release|Any CPU
		{5661B9D5-76FD-DAFA-278B-5B9BE78D957D}.Release|x86.ActiveCfg = Release|Any CPU
		{5661B9D5-76FD-DAFA-278B-5B9BE78D957D}.Release|x86.Build.0 = Release|Any CPU
		{A1B2C3D4-E5F6-7890-1234-567890ABCDEF}.Debug|Any CPU.ActiveCfg = Debug|Any CPU
		{A1B2C3D4-E5F6-7890-1234-567890ABCDEF}.Debug|Any CPU.Build.0 = Debug|Any CPU
		{A1B2C3D4-E5F6-7890-1234-567890ABCDEF}.Debug|x64.ActiveCfg = Debug|Any CPU
		{A1B2C3D4-E5F6-7890-1234-567890ABCDEF}.Debug|x64.Build.0 = Debug|Any CPU
		{A1B2C3D4-E5F6-7890-1234-567890ABCDEF}.Debug|x86.ActiveCfg = Debug|Any CPU
		{A1B2C3D4-E5F6-7890-1234-567890ABCDEF}.Debug|x86.Build.0 = Debug|Any CPU
		{A1B2C3D4-E5F6-7890-1234-567890ABCDEF}.Release|Any CPU.ActiveCfg = Release|Any CPU
		{A1B2C3D4-E5F6-7890-1234-567890ABCDEF}.Release|Any CPU.Build.0 = Release|Any CPU
		{A1B2C3D4-E5F6-7890-1234-567890ABCDEF}.Release|x64.ActiveCfg = Release|Any CPU
		{A1B2C3D4-E5F6-7890-1234-567890ABCDEF}.Release|x64.Build.0 = Release|Any CPU
		{A1B2C3D4-E5F6-7890-1234-567890ABCDEF}.Release|x86.ActiveCfg = Release|Any CPU
		{A1B2C3D4-E5F6-7890-1234-567890ABCDEF}.Release|x86.Build.0 = Release|Any CPU
		{047E218E-A6A2-1C66-58E1-AFEF0AD34E7F}.Debug|Any CPU.ActiveCfg = Debug|Any CPU
		{047E218E-A6A2-1C66-58E1-AFEF0AD34E7F}.Debug|Any CPU.Build.0 = Debug|Any CPU
		{047E218E-A6A2-1C66-58E1-AFEF0AD34E7F}.Debug|x64.ActiveCfg = Debug|Any CPU
		{047E218E-A6A2-1C66-58E1-AFEF0AD34E7F}.Debug|x64.Build.0 = Debug|Any CPU
		{047E218E-A6A2-1C66-58E1-AFEF0AD34E7F}.Debug|x86.ActiveCfg = Debug|Any CPU
		{047E218E-A6A2-1C66-58E1-AFEF0AD34E7F}.Debug|x86.Build.0 = Debug|Any CPU
		{047E218E-A6A2-1C66-58E1-AFEF0AD34E7F}.Release|Any CPU.ActiveCfg = Release|Any CPU
		{047E218E-A6A2-1C66-58E1-AFEF0AD34E7F}.Release|Any CPU.Build.0 = Release|Any CPU
		{047E218E-A6A2-1C66-58E1-AFEF0AD34E7F}.Release|x64.ActiveCfg = Release|Any CPU
		{047E218E-A6A2-1C66-58E1-AFEF0AD34E7F}.Release|x64.Build.0 = Release|Any CPU
		{047E218E-A6A2-1C66-58E1-AFEF0AD34E7F}.Release|x86.ActiveCfg = Release|Any CPU
		{047E218E-A6A2-1C66-58E1-AFEF0AD34E7F}.Release|x86.Build.0 = Release|Any CPU
		{DFE5EC2E-21E2-42D6-B9C6-3111CE00FD0B}.Debug|Any CPU.ActiveCfg = Debug|Any CPU
		{DFE5EC2E-21E2-42D6-B9C6-3111CE00FD0B}.Debug|Any CPU.Build.0 = Debug|Any CPU
		{DFE5EC2E-21E2-42D6-B9C6-3111CE00FD0B}.Debug|x64.ActiveCfg = Debug|Any CPU
		{DFE5EC2E-21E2-42D6-B9C6-3111CE00FD0B}.Debug|x64.Build.0 = Debug|Any CPU
		{DFE5EC2E-21E2-42D6-B9C6-3111CE00FD0B}.Debug|x86.ActiveCfg = Debug|Any CPU
		{DFE5EC2E-21E2-42D6-B9C6-3111CE00FD0B}.Debug|x86.Build.0 = Debug|Any CPU
		{DFE5EC2E-21E2-42D6-B9C6-3111CE00FD0B}.Release|Any CPU.ActiveCfg = Release|Any CPU
		{DFE5EC2E-21E2-42D6-B9C6-3111CE00FD0B}.Release|Any CPU.Build.0 = Release|Any CPU
		{DFE5EC2E-21E2-42D6-B9C6-3111CE00FD0B}.Release|x64.ActiveCfg = Release|Any CPU
		{DFE5EC2E-21E2-42D6-B9C6-3111CE00FD0B}.Release|x64.Build.0 = Release|Any CPU
		{DFE5EC2E-21E2-42D6-B9C6-3111CE00FD0B}.Release|x86.ActiveCfg = Release|Any CPU
		{DFE5EC2E-21E2-42D6-B9C6-3111CE00FD0B}.Release|x86.Build.0 = Release|Any CPU
		{0914E284-15E7-4215-B72F-7195F0EB8EEA}.Debug|Any CPU.ActiveCfg = Debug|Any CPU
		{0914E284-15E7-4215-B72F-7195F0EB8EEA}.Debug|Any CPU.Build.0 = Debug|Any CPU
		{0914E284-15E7-4215-B72F-7195F0EB8EEA}.Debug|x64.ActiveCfg = Debug|Any CPU
		{0914E284-15E7-4215-B72F-7195F0EB8EEA}.Debug|x64.Build.0 = Debug|Any CPU
		{0914E284-15E7-4215-B72F-7195F0EB8EEA}.Debug|x86.ActiveCfg = Debug|Any CPU
		{0914E284-15E7-4215-B72F-7195F0EB8EEA}.Debug|x86.Build.0 = Debug|Any CPU
		{0914E284-15E7-4215-B72F-7195F0EB8EEA}.Release|Any CPU.ActiveCfg = Release|Any CPU
		{0914E284-15E7-4215-B72F-7195F0EB8EEA}.Release|Any CPU.Build.0 = Release|Any CPU
		{0914E284-15E7-4215-B72F-7195F0EB8EEA}.Release|x64.ActiveCfg = Release|Any CPU
		{0914E284-15E7-4215-B72F-7195F0EB8EEA}.Release|x64.Build.0 = Release|Any CPU
		{0914E284-15E7-4215-B72F-7195F0EB8EEA}.Release|x86.ActiveCfg = Release|Any CPU
		{0914E284-15E7-4215-B72F-7195F0EB8EEA}.Release|x86.Build.0 = Release|Any CPU
		{EDB2D38C-8601-43BD-AC88-165E822986C7}.Debug|Any CPU.ActiveCfg = Debug|Any CPU
		{EDB2D38C-8601-43BD-AC88-165E822986C7}.Debug|Any CPU.Build.0 = Debug|Any CPU
		{EDB2D38C-8601-43BD-AC88-165E822986C7}.Debug|x64.ActiveCfg = Debug|Any CPU
		{EDB2D38C-8601-43BD-AC88-165E822986C7}.Debug|x64.Build.0 = Debug|Any CPU
		{EDB2D38C-8601-43BD-AC88-165E822986C7}.Debug|x86.ActiveCfg = Debug|Any CPU
		{EDB2D38C-8601-43BD-AC88-165E822986C7}.Debug|x86.Build.0 = Debug|Any CPU
		{EDB2D38C-8601-43BD-AC88-165E822986C7}.Release|Any CPU.ActiveCfg = Release|Any CPU
		{EDB2D38C-8601-43BD-AC88-165E822986C7}.Release|Any CPU.Build.0 = Release|Any CPU
		{EDB2D38C-8601-43BD-AC88-165E822986C7}.Release|x64.ActiveCfg = Release|Any CPU
		{EDB2D38C-8601-43BD-AC88-165E822986C7}.Release|x64.Build.0 = Release|Any CPU
		{EDB2D38C-8601-43BD-AC88-165E822986C7}.Release|x86.ActiveCfg = Release|Any CPU
		{EDB2D38C-8601-43BD-AC88-165E822986C7}.Release|x86.Build.0 = Release|Any CPU
		{FD7F08B2-53B4-4E31-8ACB-0BA0D26956C5}.Debug|Any CPU.ActiveCfg = Debug|Any CPU
		{FD7F08B2-53B4-4E31-8ACB-0BA0D26956C5}.Debug|Any CPU.Build.0 = Debug|Any CPU
		{FD7F08B2-53B4-4E31-8ACB-0BA0D26956C5}.Debug|x64.ActiveCfg = Debug|Any CPU
		{FD7F08B2-53B4-4E31-8ACB-0BA0D26956C5}.Debug|x64.Build.0 = Debug|Any CPU
		{FD7F08B2-53B4-4E31-8ACB-0BA0D26956C5}.Debug|x86.ActiveCfg = Debug|Any CPU
		{FD7F08B2-53B4-4E31-8ACB-0BA0D26956C5}.Debug|x86.Build.0 = Debug|Any CPU
		{FD7F08B2-53B4-4E31-8ACB-0BA0D26956C5}.Release|Any CPU.ActiveCfg = Release|Any CPU
		{FD7F08B2-53B4-4E31-8ACB-0BA0D26956C5}.Release|Any CPU.Build.0 = Release|Any CPU
		{FD7F08B2-53B4-4E31-8ACB-0BA0D26956C5}.Release|x64.ActiveCfg = Release|Any CPU
		{FD7F08B2-53B4-4E31-8ACB-0BA0D26956C5}.Release|x64.Build.0 = Release|Any CPU
		{FD7F08B2-53B4-4E31-8ACB-0BA0D26956C5}.Release|x86.ActiveCfg = Release|Any CPU
		{FD7F08B2-53B4-4E31-8ACB-0BA0D26956C5}.Release|x86.Build.0 = Release|Any CPU
		{24CE8731-028D-4B4B-93C4-5FA2E6654BF7}.Debug|Any CPU.ActiveCfg = Debug|Any CPU
		{24CE8731-028D-4B4B-93C4-5FA2E6654BF7}.Debug|Any CPU.Build.0 = Debug|Any CPU
		{24CE8731-028D-4B4B-93C4-5FA2E6654BF7}.Debug|x64.ActiveCfg = Debug|Any CPU
		{24CE8731-028D-4B4B-93C4-5FA2E6654BF7}.Debug|x64.Build.0 = Debug|Any CPU
		{24CE8731-028D-4B4B-93C4-5FA2E6654BF7}.Debug|x86.ActiveCfg = Debug|Any CPU
		{24CE8731-028D-4B4B-93C4-5FA2E6654BF7}.Debug|x86.Build.0 = Debug|Any CPU
		{24CE8731-028D-4B4B-93C4-5FA2E6654BF7}.Release|Any CPU.ActiveCfg = Release|Any CPU
		{24CE8731-028D-4B4B-93C4-5FA2E6654BF7}.Release|Any CPU.Build.0 = Release|Any CPU
		{24CE8731-028D-4B4B-93C4-5FA2E6654BF7}.Release|x64.ActiveCfg = Release|Any CPU
		{24CE8731-028D-4B4B-93C4-5FA2E6654BF7}.Release|x64.Build.0 = Release|Any CPU
		{24CE8731-028D-4B4B-93C4-5FA2E6654BF7}.Release|x86.ActiveCfg = Release|Any CPU
		{24CE8731-028D-4B4B-93C4-5FA2E6654BF7}.Release|x86.Build.0 = Release|Any CPU
		{0B958420-EF8A-4B70-9E35-C273E712970E}.Debug|Any CPU.ActiveCfg = Debug|Any CPU
		{0B958420-EF8A-4B70-9E35-C273E712970E}.Debug|Any CPU.Build.0 = Debug|Any CPU
		{0B958420-EF8A-4B70-9E35-C273E712970E}.Debug|x64.ActiveCfg = Debug|Any CPU
		{0B958420-EF8A-4B70-9E35-C273E712970E}.Debug|x64.Build.0 = Debug|Any CPU
		{0B958420-EF8A-4B70-9E35-C273E712970E}.Debug|x86.ActiveCfg = Debug|Any CPU
		{0B958420-EF8A-4B70-9E35-C273E712970E}.Debug|x86.Build.0 = Debug|Any CPU
		{0B958420-EF8A-4B70-9E35-C273E712970E}.Release|Any CPU.ActiveCfg = Release|Any CPU
		{0B958420-EF8A-4B70-9E35-C273E712970E}.Release|Any CPU.Build.0 = Release|Any CPU
		{0B958420-EF8A-4B70-9E35-C273E712970E}.Release|x64.ActiveCfg = Release|Any CPU
		{0B958420-EF8A-4B70-9E35-C273E712970E}.Release|x64.Build.0 = Release|Any CPU
		{0B958420-EF8A-4B70-9E35-C273E712970E}.Release|x86.ActiveCfg = Release|Any CPU
		{0B958420-EF8A-4B70-9E35-C273E712970E}.Release|x86.Build.0 = Release|Any CPU
		{C88B9412-21F9-40E4-A2FE-D29AF57F780E}.Debug|Any CPU.ActiveCfg = Debug|Any CPU
		{C88B9412-21F9-40E4-A2FE-D29AF57F780E}.Debug|Any CPU.Build.0 = Debug|Any CPU
		{C88B9412-21F9-40E4-A2FE-D29AF57F780E}.Debug|x64.ActiveCfg = Debug|Any CPU
		{C88B9412-21F9-40E4-A2FE-D29AF57F780E}.Debug|x64.Build.0 = Debug|Any CPU
		{C88B9412-21F9-40E4-A2FE-D29AF57F780E}.Debug|x86.ActiveCfg = Debug|Any CPU
		{C88B9412-21F9-40E4-A2FE-D29AF57F780E}.Debug|x86.Build.0 = Debug|Any CPU
		{C88B9412-21F9-40E4-A2FE-D29AF57F780E}.Release|Any CPU.ActiveCfg = Release|Any CPU
		{C88B9412-21F9-40E4-A2FE-D29AF57F780E}.Release|Any CPU.Build.0 = Release|Any CPU
		{C88B9412-21F9-40E4-A2FE-D29AF57F780E}.Release|x64.ActiveCfg = Release|Any CPU
		{C88B9412-21F9-40E4-A2FE-D29AF57F780E}.Release|x64.Build.0 = Release|Any CPU
		{C88B9412-21F9-40E4-A2FE-D29AF57F780E}.Release|x86.ActiveCfg = Release|Any CPU
		{C88B9412-21F9-40E4-A2FE-D29AF57F780E}.Release|x86.Build.0 = Release|Any CPU
		{409EE26E-EF1C-4C20-883D-A3EA6A0FD709}.Debug|Any CPU.ActiveCfg = Debug|Any CPU
		{409EE26E-EF1C-4C20-883D-A3EA6A0FD709}.Debug|Any CPU.Build.0 = Debug|Any CPU
		{409EE26E-EF1C-4C20-883D-A3EA6A0FD709}.Debug|x64.ActiveCfg = Debug|Any CPU
		{409EE26E-EF1C-4C20-883D-A3EA6A0FD709}.Debug|x64.Build.0 = Debug|Any CPU
		{409EE26E-EF1C-4C20-883D-A3EA6A0FD709}.Debug|x86.ActiveCfg = Debug|Any CPU
		{409EE26E-EF1C-4C20-883D-A3EA6A0FD709}.Debug|x86.Build.0 = Debug|Any CPU
		{409EE26E-EF1C-4C20-883D-A3EA6A0FD709}.Release|Any CPU.ActiveCfg = Release|Any CPU
		{409EE26E-EF1C-4C20-883D-A3EA6A0FD709}.Release|Any CPU.Build.0 = Release|Any CPU
		{409EE26E-EF1C-4C20-883D-A3EA6A0FD709}.Release|x64.ActiveCfg = Release|Any CPU
		{409EE26E-EF1C-4C20-883D-A3EA6A0FD709}.Release|x64.Build.0 = Release|Any CPU
		{409EE26E-EF1C-4C20-883D-A3EA6A0FD709}.Release|x86.ActiveCfg = Release|Any CPU
		{409EE26E-EF1C-4C20-883D-A3EA6A0FD709}.Release|x86.Build.0 = Release|Any CPU
		{ED036063-8EE3-43BB-8380-3A114CE515FD}.Debug|Any CPU.ActiveCfg = Debug|Any CPU
		{ED036063-8EE3-43BB-8380-3A114CE515FD}.Debug|Any CPU.Build.0 = Debug|Any CPU
		{ED036063-8EE3-43BB-8380-3A114CE515FD}.Debug|x64.ActiveCfg = Debug|Any CPU
		{ED036063-8EE3-43BB-8380-3A114CE515FD}.Debug|x64.Build.0 = Debug|Any CPU
		{ED036063-8EE3-43BB-8380-3A114CE515FD}.Debug|x86.ActiveCfg = Debug|Any CPU
		{ED036063-8EE3-43BB-8380-3A114CE515FD}.Debug|x86.Build.0 = Debug|Any CPU
		{ED036063-8EE3-43BB-8380-3A114CE515FD}.Release|Any CPU.ActiveCfg = Release|Any CPU
		{ED036063-8EE3-43BB-8380-3A114CE515FD}.Release|Any CPU.Build.0 = Release|Any CPU
		{ED036063-8EE3-43BB-8380-3A114CE515FD}.Release|x64.ActiveCfg = Release|Any CPU
		{ED036063-8EE3-43BB-8380-3A114CE515FD}.Release|x64.Build.0 = Release|Any CPU
		{ED036063-8EE3-43BB-8380-3A114CE515FD}.Release|x86.ActiveCfg = Release|Any CPU
		{ED036063-8EE3-43BB-8380-3A114CE515FD}.Release|x86.Build.0 = Release|Any CPU
		{80DCD8C5-8577-424F-B4E2-9A1651A069D6}.Debug|Any CPU.ActiveCfg = Debug|Any CPU
		{80DCD8C5-8577-424F-B4E2-9A1651A069D6}.Debug|Any CPU.Build.0 = Debug|Any CPU
		{80DCD8C5-8577-424F-B4E2-9A1651A069D6}.Debug|x64.ActiveCfg = Debug|Any CPU
		{80DCD8C5-8577-424F-B4E2-9A1651A069D6}.Debug|x64.Build.0 = Debug|Any CPU
		{80DCD8C5-8577-424F-B4E2-9A1651A069D6}.Debug|x86.ActiveCfg = Debug|Any CPU
		{80DCD8C5-8577-424F-B4E2-9A1651A069D6}.Debug|x86.Build.0 = Debug|Any CPU
		{80DCD8C5-8577-424F-B4E2-9A1651A069D6}.Release|Any CPU.ActiveCfg = Release|Any CPU
		{80DCD8C5-8577-424F-B4E2-9A1651A069D6}.Release|Any CPU.Build.0 = Release|Any CPU
		{80DCD8C5-8577-424F-B4E2-9A1651A069D6}.Release|x64.ActiveCfg = Release|Any CPU
		{80DCD8C5-8577-424F-B4E2-9A1651A069D6}.Release|x64.Build.0 = Release|Any CPU
		{80DCD8C5-8577-424F-B4E2-9A1651A069D6}.Release|x86.ActiveCfg = Release|Any CPU
		{80DCD8C5-8577-424F-B4E2-9A1651A069D6}.Release|x86.Build.0 = Release|Any CPU
		{5318996C-5E12-4C6B-9344-883CD9E2F4B7}.Debug|Any CPU.ActiveCfg = Debug|Any CPU
		{5318996C-5E12-4C6B-9344-883CD9E2F4B7}.Debug|Any CPU.Build.0 = Debug|Any CPU
		{5318996C-5E12-4C6B-9344-883CD9E2F4B7}.Debug|x64.ActiveCfg = Debug|Any CPU
		{5318996C-5E12-4C6B-9344-883CD9E2F4B7}.Debug|x64.Build.0 = Debug|Any CPU
		{5318996C-5E12-4C6B-9344-883CD9E2F4B7}.Debug|x86.ActiveCfg = Debug|Any CPU
		{5318996C-5E12-4C6B-9344-883CD9E2F4B7}.Debug|x86.Build.0 = Debug|Any CPU
		{5318996C-5E12-4C6B-9344-883CD9E2F4B7}.Release|Any CPU.ActiveCfg = Release|Any CPU
		{5318996C-5E12-4C6B-9344-883CD9E2F4B7}.Release|Any CPU.Build.0 = Release|Any CPU
		{5318996C-5E12-4C6B-9344-883CD9E2F4B7}.Release|x64.ActiveCfg = Release|Any CPU
		{5318996C-5E12-4C6B-9344-883CD9E2F4B7}.Release|x64.Build.0 = Release|Any CPU
		{5318996C-5E12-4C6B-9344-883CD9E2F4B7}.Release|x86.ActiveCfg = Release|Any CPU
		{5318996C-5E12-4C6B-9344-883CD9E2F4B7}.Release|x86.Build.0 = Release|Any CPU
		{CE13B13C-FC46-4318-BD46-3E44C97E1554}.Debug|Any CPU.ActiveCfg = Debug|Any CPU
		{CE13B13C-FC46-4318-BD46-3E44C97E1554}.Debug|Any CPU.Build.0 = Debug|Any CPU
		{CE13B13C-FC46-4318-BD46-3E44C97E1554}.Debug|x64.ActiveCfg = Debug|Any CPU
		{CE13B13C-FC46-4318-BD46-3E44C97E1554}.Debug|x64.Build.0 = Debug|Any CPU
		{CE13B13C-FC46-4318-BD46-3E44C97E1554}.Debug|x86.ActiveCfg = Debug|Any CPU
		{CE13B13C-FC46-4318-BD46-3E44C97E1554}.Debug|x86.Build.0 = Debug|Any CPU
		{CE13B13C-FC46-4318-BD46-3E44C97E1554}.Release|Any CPU.ActiveCfg = Release|Any CPU
		{CE13B13C-FC46-4318-BD46-3E44C97E1554}.Release|Any CPU.Build.0 = Release|Any CPU
		{CE13B13C-FC46-4318-BD46-3E44C97E1554}.Release|x64.ActiveCfg = Release|Any CPU
		{CE13B13C-FC46-4318-BD46-3E44C97E1554}.Release|x64.Build.0 = Release|Any CPU
		{CE13B13C-FC46-4318-BD46-3E44C97E1554}.Release|x86.ActiveCfg = Release|Any CPU
		{CE13B13C-FC46-4318-BD46-3E44C97E1554}.Release|x86.Build.0 = Release|Any CPU
		{55DEF0A8-193B-4B7E-A646-0D3911FABB88}.Debug|Any CPU.ActiveCfg = Debug|Any CPU
		{55DEF0A8-193B-4B7E-A646-0D3911FABB88}.Debug|Any CPU.Build.0 = Debug|Any CPU
		{55DEF0A8-193B-4B7E-A646-0D3911FABB88}.Debug|x64.ActiveCfg = Debug|Any CPU
		{55DEF0A8-193B-4B7E-A646-0D3911FABB88}.Debug|x64.Build.0 = Debug|Any CPU
		{55DEF0A8-193B-4B7E-A646-0D3911FABB88}.Debug|x86.ActiveCfg = Debug|Any CPU
		{55DEF0A8-193B-4B7E-A646-0D3911FABB88}.Debug|x86.Build.0 = Debug|Any CPU
		{55DEF0A8-193B-4B7E-A646-0D3911FABB88}.Release|Any CPU.ActiveCfg = Release|Any CPU
		{55DEF0A8-193B-4B7E-A646-0D3911FABB88}.Release|Any CPU.Build.0 = Release|Any CPU
		{55DEF0A8-193B-4B7E-A646-0D3911FABB88}.Release|x64.ActiveCfg = Release|Any CPU
		{55DEF0A8-193B-4B7E-A646-0D3911FABB88}.Release|x64.Build.0 = Release|Any CPU
		{55DEF0A8-193B-4B7E-A646-0D3911FABB88}.Release|x86.ActiveCfg = Release|Any CPU
		{55DEF0A8-193B-4B7E-A646-0D3911FABB88}.Release|x86.Build.0 = Release|Any CPU
		{145543D7-2369-460F-AC41-5B48A28616F6}.Debug|Any CPU.ActiveCfg = Debug|Any CPU
		{145543D7-2369-460F-AC41-5B48A28616F6}.Debug|Any CPU.Build.0 = Debug|Any CPU
		{145543D7-2369-460F-AC41-5B48A28616F6}.Debug|x64.ActiveCfg = Debug|Any CPU
		{145543D7-2369-460F-AC41-5B48A28616F6}.Debug|x64.Build.0 = Debug|Any CPU
		{145543D7-2369-460F-AC41-5B48A28616F6}.Debug|x86.ActiveCfg = Debug|Any CPU
		{145543D7-2369-460F-AC41-5B48A28616F6}.Debug|x86.Build.0 = Debug|Any CPU
		{145543D7-2369-460F-AC41-5B48A28616F6}.Release|Any CPU.ActiveCfg = Release|Any CPU
		{145543D7-2369-460F-AC41-5B48A28616F6}.Release|Any CPU.Build.0 = Release|Any CPU
		{145543D7-2369-460F-AC41-5B48A28616F6}.Release|x64.ActiveCfg = Release|Any CPU
		{145543D7-2369-460F-AC41-5B48A28616F6}.Release|x64.Build.0 = Release|Any CPU
		{145543D7-2369-460F-AC41-5B48A28616F6}.Release|x86.ActiveCfg = Release|Any CPU
		{145543D7-2369-460F-AC41-5B48A28616F6}.Release|x86.Build.0 = Release|Any CPU
		{7DFD9789-0399-4C36-BFC9-091CDA8DE4E2}.Debug|Any CPU.ActiveCfg = Debug|Any CPU
		{7DFD9789-0399-4C36-BFC9-091CDA8DE4E2}.Debug|Any CPU.Build.0 = Debug|Any CPU
		{7DFD9789-0399-4C36-BFC9-091CDA8DE4E2}.Debug|x64.ActiveCfg = Debug|Any CPU
		{7DFD9789-0399-4C36-BFC9-091CDA8DE4E2}.Debug|x64.Build.0 = Debug|Any CPU
		{7DFD9789-0399-4C36-BFC9-091CDA8DE4E2}.Debug|x86.ActiveCfg = Debug|Any CPU
		{7DFD9789-0399-4C36-BFC9-091CDA8DE4E2}.Debug|x86.Build.0 = Debug|Any CPU
		{7DFD9789-0399-4C36-BFC9-091CDA8DE4E2}.Release|Any CPU.ActiveCfg = Release|Any CPU
		{7DFD9789-0399-4C36-BFC9-091CDA8DE4E2}.Release|Any CPU.Build.0 = Release|Any CPU
		{7DFD9789-0399-4C36-BFC9-091CDA8DE4E2}.Release|x64.ActiveCfg = Release|Any CPU
		{7DFD9789-0399-4C36-BFC9-091CDA8DE4E2}.Release|x64.Build.0 = Release|Any CPU
		{7DFD9789-0399-4C36-BFC9-091CDA8DE4E2}.Release|x86.ActiveCfg = Release|Any CPU
		{7DFD9789-0399-4C36-BFC9-091CDA8DE4E2}.Release|x86.Build.0 = Release|Any CPU
		{C15B8E89-AD5F-4F61-AD7B-2DAFD43B10DD}.Debug|Any CPU.ActiveCfg = Debug|Any CPU
		{C15B8E89-AD5F-4F61-AD7B-2DAFD43B10DD}.Debug|Any CPU.Build.0 = Debug|Any CPU
		{C15B8E89-AD5F-4F61-AD7B-2DAFD43B10DD}.Debug|x64.ActiveCfg = Debug|Any CPU
		{C15B8E89-AD5F-4F61-AD7B-2DAFD43B10DD}.Debug|x64.Build.0 = Debug|Any CPU
		{C15B8E89-AD5F-4F61-AD7B-2DAFD43B10DD}.Debug|x86.ActiveCfg = Debug|Any CPU
		{C15B8E89-AD5F-4F61-AD7B-2DAFD43B10DD}.Debug|x86.Build.0 = Debug|Any CPU
		{C15B8E89-AD5F-4F61-AD7B-2DAFD43B10DD}.Release|Any CPU.ActiveCfg = Release|Any CPU
		{C15B8E89-AD5F-4F61-AD7B-2DAFD43B10DD}.Release|Any CPU.Build.0 = Release|Any CPU
		{C15B8E89-AD5F-4F61-AD7B-2DAFD43B10DD}.Release|x64.ActiveCfg = Release|Any CPU
		{C15B8E89-AD5F-4F61-AD7B-2DAFD43B10DD}.Release|x64.Build.0 = Release|Any CPU
		{C15B8E89-AD5F-4F61-AD7B-2DAFD43B10DD}.Release|x86.ActiveCfg = Release|Any CPU
		{C15B8E89-AD5F-4F61-AD7B-2DAFD43B10DD}.Release|x86.Build.0 = Release|Any CPU
		{074EE3E5-905C-4826-9645-D0A28F81BC41}.Debug|Any CPU.ActiveCfg = Debug|Any CPU
		{074EE3E5-905C-4826-9645-D0A28F81BC41}.Debug|Any CPU.Build.0 = Debug|Any CPU
		{074EE3E5-905C-4826-9645-D0A28F81BC41}.Debug|x64.ActiveCfg = Debug|Any CPU
		{074EE3E5-905C-4826-9645-D0A28F81BC41}.Debug|x64.Build.0 = Debug|Any CPU
		{074EE3E5-905C-4826-9645-D0A28F81BC41}.Debug|x86.ActiveCfg = Debug|Any CPU
		{074EE3E5-905C-4826-9645-D0A28F81BC41}.Debug|x86.Build.0 = Debug|Any CPU
		{074EE3E5-905C-4826-9645-D0A28F81BC41}.Release|Any CPU.ActiveCfg = Release|Any CPU
		{074EE3E5-905C-4826-9645-D0A28F81BC41}.Release|Any CPU.Build.0 = Release|Any CPU
		{074EE3E5-905C-4826-9645-D0A28F81BC41}.Release|x64.ActiveCfg = Release|Any CPU
		{074EE3E5-905C-4826-9645-D0A28F81BC41}.Release|x64.Build.0 = Release|Any CPU
		{074EE3E5-905C-4826-9645-D0A28F81BC41}.Release|x86.ActiveCfg = Release|Any CPU
		{074EE3E5-905C-4826-9645-D0A28F81BC41}.Release|x86.Build.0 = Release|Any CPU
	EndGlobalSection
	GlobalSection(SolutionProperties) = preSolution
		HideSolutionNode = FALSE
	EndGlobalSection
	GlobalSection(NestedProjects) = preSolution
		{5661B9D5-76FD-DAFA-278B-5B9BE78D957D} = {827E0CD3-B72D-47B6-A68D-7590B98EB39B}
		{A1B2C3D4-E5F6-7890-1234-567890ABCDEF} = {827E0CD3-B72D-47B6-A68D-7590B98EB39B}
		{047E218E-A6A2-1C66-58E1-AFEF0AD34E7F} = {827E0CD3-B72D-47B6-A68D-7590B98EB39B}
		{DFE5EC2E-21E2-42D6-B9C6-3111CE00FD0B} = {827E0CD3-B72D-47B6-A68D-7590B98EB39B}
		{0914E284-15E7-4215-B72F-7195F0EB8EEA} = {827E0CD3-B72D-47B6-A68D-7590B98EB39B}
		{EDB2D38C-8601-43BD-AC88-165E822986C7} = {0AB3BF05-4346-4AA6-1389-037BE0695223}
		{FD7F08B2-53B4-4E31-8ACB-0BA0D26956C5} = {827E0CD3-B72D-47B6-A68D-7590B98EB39B}
		{24CE8731-028D-4B4B-93C4-5FA2E6654BF7} = {827E0CD3-B72D-47B6-A68D-7590B98EB39B}
		{0B958420-EF8A-4B70-9E35-C273E712970E} = {827E0CD3-B72D-47B6-A68D-7590B98EB39B}
		{C88B9412-21F9-40E4-A2FE-D29AF57F780E} = {0AB3BF05-4346-4AA6-1389-037BE0695223}
		{409EE26E-EF1C-4C20-883D-A3EA6A0FD709} = {827E0CD3-B72D-47B6-A68D-7590B98EB39B}
		{ED036063-8EE3-43BB-8380-3A114CE515FD} = {827E0CD3-B72D-47B6-A68D-7590B98EB39B}
		{80DCD8C5-8577-424F-B4E2-9A1651A069D6} = {827E0CD3-B72D-47B6-A68D-7590B98EB39B}
		{5318996C-5E12-4C6B-9344-883CD9E2F4B7} = {827E0CD3-B72D-47B6-A68D-7590B98EB39B}
		{CE13B13C-FC46-4318-BD46-3E44C97E1554} = {827E0CD3-B72D-47B6-A68D-7590B98EB39B}
		{55DEF0A8-193B-4B7E-A646-0D3911FABB88} = {827E0CD3-B72D-47B6-A68D-7590B98EB39B}
		{145543D7-2369-460F-AC41-5B48A28616F6} = {827E0CD3-B72D-47B6-A68D-7590B98EB39B}
		{7DFD9789-0399-4C36-BFC9-091CDA8DE4E2} = {827E0CD3-B72D-47B6-A68D-7590B98EB39B}
		{C15B8E89-AD5F-4F61-AD7B-2DAFD43B10DD} = {827E0CD3-B72D-47B6-A68D-7590B98EB39B}
		{074EE3E5-905C-4826-9645-D0A28F81BC41} = {827E0CD3-B72D-47B6-A68D-7590B98EB39B}
	EndGlobalSection
	GlobalSection(ExtensibilityGlobals) = postSolution
		SolutionGuid = {53733BD6-A32A-41B7-9472-E377AF68151F}
	EndGlobalSection
EndGlobal
